
Microsoft Visual Studio Solution File, Format Version 11.00
# Visual Studio 2010
Project("{E24C65DC-7377-472B-9ABA-BC803B73C61A}") = "dmo", ".", "{384C3391-B66D-495A-9BE6-EF8CCF846873}"
	ProjectSection(WebsiteProperties) = preProject
		TargetFrameworkMoniker = ".NETFramework,Version%3Dv3.5"
		Debug.AspNetCompiler.VirtualPath = "/dmo"
		Debug.AspNetCompiler.PhysicalPath = "..\..\dmo\"
		Debug.AspNetCompiler.TargetPath = "PrecompiledWeb\dmo\"
		Debug.AspNetCompiler.Updateable = "true"
		Debug.AspNetCompiler.ForceOverwrite = "true"
		Debug.AspNetCompiler.FixedNames = "false"
		Debug.AspNetCompiler.Debug = "True"
		Release.AspNetCompiler.VirtualPath = "/dmo"
		Release.AspNetCompiler.PhysicalPath = "..\..\dmo\"
		Release.AspNetCompiler.TargetPath = "PrecompiledWeb\dmo\"
		Release.AspNetCompiler.Updateable = "true"
		Release.AspNetCompiler.ForceOverwrite = "true"
		Release.AspNetCompiler.FixedNames = "false"
		Release.AspNetCompiler.Debug = "False"
		VWDPort = "50270"
	EndProjectSection
EndProject
Global
	GlobalSection(SolutionConfigurationPlatforms) = preSolution
		Debug|Any CPU = Debug|Any CPU
	EndGlobalSection
	GlobalSection(ProjectConfigurationPlatforms) = postSolution
		{384C3391-B66D-495A-9BE6-EF8CCF846873}.Debug|Any CPU.ActiveCfg = Debug|Any CPU
		{384C3391-B66D-495A-9BE6-EF8CCF846873}.Debug|Any CPU.Build.0 = Debug|Any CPU
	EndGlobalSection
	GlobalSection(SolutionProperties) = preSolution
		HideSolutionNode = FALSE
	EndGlobalSection
EndGlobal
